// !$*UTF8*$!
{
	archiveVersion = 1;
	classes = {
	};
	objectVersion = 48;
	objects = {

/* Begin PBXBuildFile section */
		D16248F41FD19605003DC772 /* AppDelegate.swift in Sources */ = {isa = PBXBuildFile; fileRef = D16248F31FD19605003DC772 /* AppDelegate.swift */; };
		D16248F61FD19605003DC772 /* CameraVC.swift in Sources */ = {isa = PBXBuildFile; fileRef = D16248F51FD19605003DC772 /* CameraVC.swift */; };
		D16248F91FD19605003DC772 /* Main.storyboard in Resources */ = {isa = PBXBuildFile; fileRef = D16248F71FD19605003DC772 /* Main.storyboard */; };
		D16248FB1FD19605003DC772 /* Assets.xcassets in Resources */ = {isa = PBXBuildFile; fileRef = D16248FA1FD19605003DC772 /* Assets.xcassets */; };
		D16248FE1FD19605003DC772 /* LaunchScreen.storyboard in Resources */ = {isa = PBXBuildFile; fileRef = D16248FC1FD19605003DC772 /* LaunchScreen.storyboard */; };
		D16249091FD19863003DC772 /* Rounded+ShadowView.swift in Sources */ = {isa = PBXBuildFile; fileRef = D16249081FD19863003DC772 /* Rounded+ShadowView.swift */; };
		D162490B1FD19981003DC772 /* Rounded+ShadowButton.swift in Sources */ = {isa = PBXBuildFile; fileRef = D162490A1FD19981003DC772 /* Rounded+ShadowButton.swift */; };
		D162490D1FD199B4003DC772 /* Rounder+ShadowImageView.swift in Sources */ = {isa = PBXBuildFile; fileRef = D162490C1FD199B4003DC772 /* Rounder+ShadowImageView.swift */; };
		D1949F821FD1A6E800387A24 /* SqueezeNet.mlmodel in Sources */ = {isa = PBXBuildFile; fileRef = D1949F811FD1A6E800387A24 /* SqueezeNet.mlmodel */; };
/* End PBXBuildFile section */

/* Begin PBXFileReference section */
		D16248F01FD19605003DC772 /* CoreML-Demo.app */ = {isa = PBXFileReference; explicitFileType = wrapper.application; includeInIndex = 0; path = "CoreML-Demo.app"; sourceTree = BUILT_PRODUCTS_DIR; };
		D16248F31FD19605003DC772 /* AppDelegate.swift */ = {isa = PBXFileReference; lastKnownFileType = sourcecode.swift; path = AppDelegate.swift; sourceTree = "<group>"; };
		D16248F51FD19605003DC772 /* CameraVC.swift */ = {isa = PBXFileReference; lastKnownFileType = sourcecode.swift; path = CameraVC.swift; sourceTree = "<group>"; };
		D16248F81FD19605003DC772 /* Base */ = {isa = PBXFileReference; lastKnownFileType = file.storyboard; name = Base; path = Base.lproj/Main.storyboard; sourceTree = "<group>"; };
		D16248FA1FD19605003DC772 /* Assets.xcassets */ = {isa = PBXFileReference; lastKnownFileType = folder.assetcatalog; path = Assets.xcassets; sourceTree = "<group>"; };
		D16248FD1FD19605003DC772 /* Base */ = {isa = PBXFileReference; lastKnownFileType = file.storyboard; name = Base; path = Base.lproj/LaunchScreen.storyboard; sourceTree = "<group>"; };
		D16248FF1FD19605003DC772 /* Info.plist */ = {isa = PBXFileReference; lastKnownFileType = text.plist.xml; path = Info.plist; sourceTree = "<group>"; };
		D16249081FD19863003DC772 /* Rounded+ShadowView.swift */ = {isa = PBXFileReference; lastKnownFileType = sourcecode.swift; path = "Rounded+ShadowView.swift"; sourceTree = "<group>"; };
		D162490A1FD19981003DC772 /* Rounded+ShadowButton.swift */ = {isa = PBXFileReference; lastKnownFileType = sourcecode.swift; path = "Rounded+ShadowButton.swift"; sourceTree = "<group>"; };
		D162490C1FD199B4003DC772 /* Rounder+ShadowImageView.swift */ = {isa = PBXFileReference; lastKnownFileType = sourcecode.swift; path = "Rounder+ShadowImageView.swift"; sourceTree = "<group>"; };
		D1949F811FD1A6E800387A24 /* SqueezeNet.mlmodel */ = {isa = PBXFileReference; lastKnownFileType = file.mlmodel; path = SqueezeNet.mlmodel; sourceTree = "<group>"; };
/* End PBXFileReference section */

/* Begin PBXFrameworksBuildPhase section */
		D16248ED1FD19605003DC772 /* Frameworks */ = {
			isa = PBXFrameworksBuildPhase;
			buildActionMask = 2147483647;
			files = (
			);
			runOnlyForDeploymentPostprocessing = 0;
		};
/* End PBXFrameworksBuildPhase section */

/* Begin PBXGroup section */
		D16248E71FD19605003DC772 = {
			isa = PBXGroup;
			children = (
				D16248F21FD19605003DC772 /* CoreML-Demo */,
				D16248F11FD19605003DC772 /* Products */,
			);
			sourceTree = "<group>";
		};
		D16248F11FD19605003DC772 /* Products */ = {
			isa = PBXGroup;
			children = (
				D16248F01FD19605003DC772 /* CoreML-Demo.app */,
			);
			name = Products;
			sourceTree = "<group>";
		};
		D16248F21FD19605003DC772 /* CoreML-Demo */ = {
			isa = PBXGroup;
			children = (
				D1949F831FD1A71000387A24 /* Resources */,
				D16249051FD1962A003DC772 /* Model */,
				D16249061FD19630003DC772 /* View */,
				D16249071FD19635003DC772 /* Controller */,
				D16248F31FD19605003DC772 /* AppDelegate.swift */,
				D16248F71FD19605003DC772 /* Main.storyboard */,
				D16248FA1FD19605003DC772 /* Assets.xcassets */,
				D16248FC1FD19605003DC772 /* LaunchScreen.storyboard */,
				D16248FF1FD19605003DC772 /* Info.plist */,
			);
			path = "CoreML-Demo";
			sourceTree = "<group>";
		};
		D16249051FD1962A003DC772 /* Model */ = {
			isa = PBXGroup;
			children = (
			);
			path = Model;
			sourceTree = "<group>";
		};
		D16249061FD19630003DC772 /* View */ = {
			isa = PBXGroup;
			children = (
				D16249081FD19863003DC772 /* Rounded+ShadowView.swift */,
				D162490A1FD19981003DC772 /* Rounded+ShadowButton.swift */,
				D162490C1FD199B4003DC772 /* Rounder+ShadowImageView.swift */,
			);
			path = View;
			sourceTree = "<group>";
		};
		D16249071FD19635003DC772 /* Controller */ = {
			isa = PBXGroup;
			children = (
				D16248F51FD19605003DC772 /* CameraVC.swift */,
			);
			path = Controller;
			sourceTree = "<group>";
		};
		D1949F831FD1A71000387A24 /* Resources */ = {
			isa = PBXGroup;
			children = (
				D1949F811FD1A6E800387A24 /* SqueezeNet.mlmodel */,
			);
			path = Resources;
			sourceTree = "<group>";
		};
/* End PBXGroup section */

/* Begin PBXNativeTarget section */
		D16248EF1FD19605003DC772 /* CoreML-Demo */ = {
			isa = PBXNativeTarget;
			buildConfigurationList = D16249021FD19605003DC772 /* Build configuration list for PBXNativeTarget "CoreML-Demo" */;
			buildPhases = (
				D16248EC1FD19605003DC772 /* Sources */,
				D16248ED1FD19605003DC772 /* Frameworks */,
				D16248EE1FD19605003DC772 /* Resources */,
			);
			buildRules = (
			);
			dependencies = (
			);
			name = "CoreML-Demo";
			productName = "CoreML-Demo";
			productReference = D16248F01FD19605003DC772 /* CoreML-Demo.app */;
			productType = "com.apple.product-type.application";
		};
/* End PBXNativeTarget section */

/* Begin PBXProject section */
		D16248E81FD19605003DC772 /* Project object */ = {
			isa = PBXProject;
			attributes = {
				LastSwiftUpdateCheck = 0910;
				LastUpgradeCheck = 0910;
				ORGANIZATIONNAME = "Bhagat  Singh";
				TargetAttributes = {
					D16248EF1FD19605003DC772 = {
						CreatedOnToolsVersion = 9.1;
						ProvisioningStyle = Automatic;
					};
				};
			};
			buildConfigurationList = D16248EB1FD19605003DC772 /* Build configuration list for PBXProject "CoreML-Demo" */;
			compatibilityVersion = "Xcode 8.0";
			developmentRegion = en;
			hasScannedForEncodings = 0;
			knownRegions = (
				en,
				Base,
			);
			mainGroup = D16248E71FD19605003DC772;
			productRefGroup = D16248F11FD19605003DC772 /* Products */;
			projectDirPath = "";
			projectRoot = "";
			targets = (
				D16248EF1FD19605003DC772 /* CoreML-Demo */,
			);
		};
/* End PBXProject section */

/* Begin PBXResourcesBuildPhase section */
		D16248EE1FD19605003DC772 /* Resources */ = {
			isa = PBXResourcesBuildPhase;
			buildActionMask = 2147483647;
			files = (
				D16248FE1FD19605003DC772 /* LaunchScreen.storyboard in Resources */,
				D16248FB1FD19605003DC772 /* Assets.xcassets in Resources */,
				D16248F91FD19605003DC772 /* Main.storyboard in Resources */,
			);
			runOnlyForDeploymentPostprocessing = 0;
		};
/* End PBXResourcesBuildPhase section */

/* Begin PBXSourcesBuildPhase section */
		D16248EC1FD19605003DC772 /* Sources */ = {
			isa = PBXSourcesBuildPhase;
			buildActionMask = 2147483647;
			files = (
				D16249091FD19863003DC772 /* Rounded+ShadowView.swift in Sources */,
				D1949F821FD1A6E800387A24 /* SqueezeNet.mlmodel in Sources */,
				D16248F61FD19605003DC772 /* CameraVC.swift in Sources */,
				D16248F41FD19605003DC772 /* AppDelegate.swift in Sources */,
				D162490D1FD199B4003DC772 /* Rounder+ShadowImageView.swift in Sources */,
				D162490B1FD19981003DC772 /* Rounded+ShadowButton.swift in Sources */,
			);
			runOnlyForDeploymentPostprocessing = 0;
		};
/* End PBXSourcesBuildPhase section */

/* Begin PBXVariantGroup section */
		D16248F71FD19605003DC772 /* Main.storyboard */ = {
			isa = PBXVariantGroup;
			children = (
				D16248F81FD19605003DC772 /* Base */,
			);
			name = Main.storyboard;
			sourceTree = "<group>";
		};
		D16248FC1FD19605003DC772 /* LaunchScreen.storyboard */ = {
			isa = PBXVariantGroup;
			children = (
				D16248FD1FD19605003DC772 /* Base */,
			);
			name = LaunchScreen.storyboard;
			sourceTree = "<group>";
		};
/* End PBXVariantGroup section */

/* Begin XCBuildConfiguration section */
		D16249001FD19605003DC772 /* Debug */ = {
			isa = XCBuildConfiguration;
			buildSettings = {
				ALWAYS_SEARCH_USER_PATHS = NO;
				CLANG_ANALYZER_NONNULL = YES;
				CLANG_ANALYZER_NUMBER_OBJECT_CONVERSION = YES_AGGRESSIVE;
				CLANG_CXX_LANGUAGE_STANDARD = "gnu++14";
				CLANG_CXX_LIBRARY = "libc++";
				CLANG_ENABLE_MODULES = YES;
				CLANG_ENABLE_OBJC_ARC = YES;
				CLANG_WARN_BLOCK_CAPTURE_AUTORELEASING = YES;
				CLANG_WARN_BOOL_CONVERSION = YES;
				CLANG_WARN_COMMA = YES;
				CLANG_WARN_CONSTANT_CONVERSION = YES;
				CLANG_WARN_DIRECT_OBJC_ISA_USAGE = YES_ERROR;
				CLANG_WARN_DOCUMENTATION_COMMENTS = YES;
				CLANG_WARN_EMPTY_BODY = YES;
				CLANG_WARN_ENUM_CONVERSION = YES;
				CLANG_WARN_INFINITE_RECURSION = YES;
				CLANG_WARN_INT_CONVERSION = YES;
				CLANG_WARN_NON_LITERAL_NULL_CONVERSION = YES;
				CLANG_WARN_OBJC_LITERAL_CONVERSION = YES;
				CLANG_WARN_OBJC_ROOT_CLASS = YES_ERROR;
				CLANG_WARN_RANGE_LOOP_ANALYSIS = YES;
				CLANG_WARN_STRICT_PROTOTYPES = YES;
				CLANG_WARN_SUSPICIOUS_MOVE = YES;
				CLANG_WARN_UNGUARDED_AVAILABILITY = YES_AGGRESSIVE;
				CLANG_WARN_UNREACHABLE_CODE = YES;
				CLANG_WARN__DUPLICATE_METHOD_MATCH = YES;
				CODE_SIGN_IDENTITY = "iPhone Developer";
				COPY_PHASE_STRIP = NO;
				DEBUG_INFORMATION_FORMAT = dwarf;
				ENABLE_STRICT_OBJC_MSGSEND = YES;
				ENABLE_TESTABILITY = YES;
				GCC_C_LANGUAGE_STANDARD = gnu11;
				GCC_DYNAMIC_NO_PIC = NO;
				GCC_NO_COMMON_BLOCKS = YES;
				GCC_OPTIMIZATION_LEVEL = 0;
				GCC_PREPROCESSOR_DEFINITIONS = (
					"DEBUG=1",
					"$(inherited)",
				);
				GCC_WARN_64_TO_32_BIT_CONVERSION = YES;
				GCC_WARN_ABOUT_RETURN_TYPE = YES_ERROR;
				GCC_WARN_UNDECLARED_SELECTOR = YES;
				GCC_WARN_UNINITIALIZED_AUTOS = YES_AGGRESSIVE;
				GCC_WARN_UNUSED_FUNCTION = YES;
				GCC_WARN_UNUSED_VARIABLE = YES;
				IPHONEOS_DEPLOYMENT_TARGET = 11.1;
				MTL_ENABLE_DEBUG_INFO = YES;
				ONLY_ACTIVE_ARCH = YES;
				SDKROOT = iphoneos;
				SWIFT_ACTIVE_COMPILATION_CONDITIONS = DEBUG;
				SWIFT_OPTIMIZATION_LEVEL = "-Onone";
			};
			name = Debug;
		};
		D16249011FD19605003DC772 /* Release */ = {
			isa = XCBuildConfiguration;
			buildSettings = {
				ALWAYS_SEARCH_USER_PATHS = NO;
				CLANG_ANALYZER_NONNULL = YES;
				CLANG_ANALYZER_NUMBER_OBJECT_CONVERSION = YES_AGGRESSIVE;
				CLANG_CXX_LANGUAGE_STANDARD = "gnu++14";
				CLANG_CXX_LIBRARY = "libc++";
				CLANG_ENABLE_MODULES = YES;
				CLANG_ENABLE_OBJC_ARC = YES;
				CLANG_WARN_BLOCK_CAPTURE_AUTORELEASING = YES;
				CLANG_WARN_BOOL_CONVERSION = YES;
				CLANG_WARN_COMMA = YES;
				CLANG_WARN_CONSTANT_CONVERSION = YES;
				CLANG_WARN_DIRECT_OBJC_ISA_USAGE = YES_ERROR;
				CLANG_WARN_DOCUMENTATION_COMMENTS = YES;
				CLANG_WARN_EMPTY_BODY = YES;
				CLANG_WARN_ENUM_CONVERSION = YES;
				CLANG_WARN_INFINITE_RECURSION = YES;
				CLANG_WARN_INT_CONVERSION = YES;
				CLANG_WARN_NON_LITERAL_NULL_CONVERSION = YES;
				CLANG_WARN_OBJC_LITERAL_CONVERSION = YES;
				CLANG_WARN_OBJC_ROOT_CLASS = YES_ERROR;
				CLANG_WARN_RANGE_LOOP_ANALYSIS = YES;
				CLANG_WARN_STRICT_PROTOTYPES = YES;
				CLANG_WARN_SUSPICIOUS_MOVE = YES;
				CLANG_WARN_UNGUARDED_AVAILABILITY = YES_AGGRESSIVE;
				CLANG_WARN_UNREACHABLE_CODE = YES;
				CLANG_WARN__DUPLICATE_METHOD_MATCH = YES;
				CODE_SIGN_IDENTITY = "iPhone Developer";
				COPY_PHASE_STRIP = NO;
				DEBUG_INFORMATION_FORMAT = "dwarf-with-dsym";
				ENABLE_NS_ASSERTIONS = NO;
				ENABLE_STRICT_OBJC_MSGSEND = YES;
				GCC_C_LANGUAGE_STANDARD = gnu11;
				GCC_NO_COMMON_BLOCKS = YES;
				GCC_WARN_64_TO_32_BIT_CONVERSION = YES;
				GCC_WARN_ABOUT_RETURN_TYPE = YES_ERROR;
				GCC_WARN_UNDECLARED_SELECTOR = YES;
				GCC_WARN_UNINITIALIZED_AUTOS = YES_AGGRESSIVE;
				GCC_WARN_UNUSED_FUNCTION = YES;
				GCC_WARN_UNUSED_VARIABLE = YES;
				IPHONEOS_DEPLOYMENT_TARGET = 11.1;
				MTL_ENABLE_DEBUG_INFO = NO;
				SDKROOT = iphoneos;
				SWIFT_OPTIMIZATION_LEVEL = "-Owholemodule";
				VALIDATE_PRODUCT = YES;
			};
			name = Release;
		};
		D16249031FD19605003DC772 /* Debug */ = {
			isa = XCBuildConfiguration;
			buildSettings = {
				ASSETCATALOG_COMPILER_APPICON_NAME = AppIcon;
				CODE_SIGN_STYLE = Automatic;
				DEVELOPMENT_TEAM = VG36S3M9UZ;
				INFOPLIST_FILE = "CoreML-Demo/Info.plist";
				LD_RUNPATH_SEARCH_PATHS = "$(inherited) @executable_path/Frameworks";
				PRODUCT_BUNDLE_IDENTIFIER = "com.bhagatsingh.CoreML-Demo";
				PRODUCT_NAME = "$(TARGET_NAME)";
				SWIFT_VERSION = 4.0;
				TARGETED_DEVICE_FAMILY = 1;
			};
			name = Debug;
		};
		D16249041FD19605003DC772 /* Release */ = {
			isa = XCBuildConfiguration;
			buildSettings = {
				ASSETCATALOG_COMPILER_APPICON_NAME = AppIcon;
				CODE_SIGN_STYLE = Automatic;
				DEVELOPMENT_TEAM = VG36S3M9UZ;
				INFOPLIST_FILE = "CoreML-Demo/Info.plist";
				LD_RUNPATH_SEARCH_PATHS = "$(inherited) @executable_path/Frameworks";
				PRODUCT_BUNDLE_IDENTIFIER = "com.bhagatsingh.CoreML-Demo";
				PRODUCT_NAME = "$(TARGET_NAME)";
				SWIFT_VERSION = 4.0;
				TARGETED_DEVICE_FAMILY = 1;
			};
			name = Release;
		};
/* End XCBuildConfiguration section */

/* Begin XCConfigurationList section */
		D16248EB1FD19605003DC772 /* Build configuration list for PBXProject "CoreML-Demo" */ = {
			isa = XCConfigurationList;
			buildConfigurations = (
				D16249001FD19605003DC772 /* Debug */,
				D16249011FD19605003DC772 /* Release */,
			);
			defaultConfigurationIsVisible = 0;
			defaultConfigurationName = Release;
		};
		D16249021FD19605003DC772 /* Build configuration list for PBXNativeTarget "CoreML-Demo" */ = {
			isa = XCConfigurationList;
			buildConfigurations = (
				D16249031FD19605003DC772 /* Debug */,
				D16249041FD19605003DC772 /* Release */,
			);
			defaultConfigurationIsVisible = 0;
			defaultConfigurationName = Release;
		};
/* End XCConfigurationList section */
	};
	rootObject = D16248E81FD19605003DC772 /* Project object */;
}
